
Microsoft Visual Studio Solution File, Format Version 12.00
# Visual Studio Version 17
VisualStudioVersion = 17.3.32922.545
MinimumVisualStudioVersion = 10.0.40219.1
Project("{9A19103F-16F7-4668-BE54-9A1E7A4F7556}") = "IsaacLewisSite", "IsaacLewisSite\IsaacLewisSite.csproj", "{807C7491-5729-4B20-80C9-5660DCDE874B}"
EndProject
Project("{FAE04EC0-301F-11D3-BF4B-00C04F79EFBC}") = "Tests", "Tests\Tests.csproj", "{D88A008A-5EA2-4808-BC1A-8EFCAD037000}"
EndProject
Global
	GlobalSection(SolutionConfigurationPlatforms) = preSolution
		Debug|Any CPU = Debug|Any CPU
		Release|Any CPU = Release|Any CPU
	EndGlobalSection
	GlobalSection(ProjectConfigurationPlatforms) = postSolution
		{807C7491-5729-4B20-80C9-5660DCDE874B}.Debug|Any CPU.ActiveCfg = Debug|Any CPU
		{807C7491-5729-4B20-80C9-5660DCDE874B}.Debug|Any CPU.Build.0 = Debug|Any CPU
		{807C7491-5729-4B20-80C9-5660DCDE874B}.Release|Any CPU.ActiveCfg = Release|Any CPU
		{807C7491-5729-4B20-80C9-5660DCDE874B}.Release|Any CPU.Build.0 = Release|Any CPU
		{D88A008A-5EA2-4808-BC1A-8EFCAD037000}.Debug|Any CPU.ActiveCfg = Debug|Any CPU
		{D88A008A-5EA2-4808-BC1A-8EFCAD037000}.Debug|Any CPU.Build.0 = Debug|Any CPU
		{D88A008A-5EA2-4808-BC1A-8EFCAD037000}.Release|Any CPU.ActiveCfg = Release|Any CPU
		{D88A008A-5EA2-4808-BC1A-8EFCAD037000}.Release|Any CPU.Build.0 = Release|Any CPU
	EndGlobalSection
	GlobalSection(SolutionProperties) = preSolution
		HideSolutionNode = FALSE
	EndGlobalSection
	GlobalSection(ExtensibilityGlobals) = postSolution
		SolutionGuid = {FB558C90-8925-4509-9F96-5116461BC0FC}
	EndGlobalSection
EndGlobal
